// !$*UTF8*$!
{
	archiveVersion = 1;
	classes = {
	};
	objectVersion = 50;
	objects = {

/* Begin PBXBuildFile section */
		2A19FCD0243611A6007B00EA /* AppDelegate.swift in Sources */ = {isa = PBXBuildFile; fileRef = 2A19FCCF243611A6007B00EA /* AppDelegate.swift */; };
		2A19FCD2243611A6007B00EA /* SceneDelegate.swift in Sources */ = {isa = PBXBuildFile; fileRef = 2A19FCD1243611A6007B00EA /* SceneDelegate.swift */; };
		2A19FCD4243611A6007B00EA /* CategoriesUIView.swift in Sources */ = {isa = PBXBuildFile; fileRef = 2A19FCD3243611A6007B00EA /* CategoriesUIView.swift */; };
		2A19FCD6243611A8007B00EA /* Assets.xcassets in Resources */ = {isa = PBXBuildFile; fileRef = 2A19FCD5243611A8007B00EA /* Assets.xcassets */; };
		2A19FCD9243611A8007B00EA /* Preview Assets.xcassets in Resources */ = {isa = PBXBuildFile; fileRef = 2A19FCD8243611A8007B00EA /* Preview Assets.xcassets */; };
		2A19FCDC243611A8007B00EA /* LaunchScreen.storyboard in Resources */ = {isa = PBXBuildFile; fileRef = 2A19FCDA243611A8007B00EA /* LaunchScreen.storyboard */; };
		2A19FCE4243611F6007B00EA /* Categories.swift in Sources */ = {isa = PBXBuildFile; fileRef = 2A19FCE3243611F6007B00EA /* Categories.swift */; };
		2A19FCE72436123A007B00EA /* Article.swift in Sources */ = {isa = PBXBuildFile; fileRef = 2A19FCE62436123A007B00EA /* Article.swift */; };
		2A19FCE924361254007B00EA /* ArticlesList.swift in Sources */ = {isa = PBXBuildFile; fileRef = 2A19FCE824361254007B00EA /* ArticlesList.swift */; };
		2A19FCED243613E0007B00EA /* CategoryRowView.swift in Sources */ = {isa = PBXBuildFile; fileRef = 2A19FCEC243613E0007B00EA /* CategoryRowView.swift */; };
		2A19FCF724361821007B00EA /* Localizations.swift in Sources */ = {isa = PBXBuildFile; fileRef = 2A19FCF524361821007B00EA /* Localizations.swift */; };
		2A19FCF824361821007B00EA /* Localizable.strings in Resources */ = {isa = PBXBuildFile; fileRef = 2A19FCF624361821007B00EA /* Localizable.strings */; };
		2A19FD1724361AD7007B00EA /* ArticleRowView.swift in Sources */ = {isa = PBXBuildFile; fileRef = 2A19FD1624361AD7007B00EA /* ArticleRowView.swift */; };
		2A19FD1924362B76007B00EA /* ArticlesUIView.swift in Sources */ = {isa = PBXBuildFile; fileRef = 2A19FD1824362B76007B00EA /* ArticlesUIView.swift */; };
		2A19FD1D24363F09007B00EA /* URLImage.swift in Sources */ = {isa = PBXBuildFile; fileRef = 2A19FD1C24363F09007B00EA /* URLImage.swift */; };
		2A19FD2124373E40007B00EA /* CategoriesViewModel.swift in Sources */ = {isa = PBXBuildFile; fileRef = 2A19FD2024373E40007B00EA /* CategoriesViewModel.swift */; };
		2A19FD2524374107007B00EA /* ArticlesViewModel.swift in Sources */ = {isa = PBXBuildFile; fileRef = 2A19FD2424374107007B00EA /* ArticlesViewModel.swift */; };
		2A19FD2724374185007B00EA /* NetworkManager.swift in Sources */ = {isa = PBXBuildFile; fileRef = 2A19FD0F2436194C007B00EA /* NetworkManager.swift */; };
		2A19FD292437418D007B00EA /* NewsRequest.swift in Sources */ = {isa = PBXBuildFile; fileRef = 2A19FD142436194C007B00EA /* NewsRequest.swift */; };
		2A19FD2A24374190007B00EA /* RequestBuilder.swift in Sources */ = {isa = PBXBuildFile; fileRef = 2A19FD152436194C007B00EA /* RequestBuilder.swift */; };
		2A57A4A924378AD000F4EAD7 /* WebViewModel.swift in Sources */ = {isa = PBXBuildFile; fileRef = 2A57A4A824378AD000F4EAD7 /* WebViewModel.swift */; };
		2A57A4AB24378B0B00F4EAD7 /* WebUIView.swift in Sources */ = {isa = PBXBuildFile; fileRef = 2A57A4AA24378B0B00F4EAD7 /* WebUIView.swift */; };
/* End PBXBuildFile section */

/* Begin PBXFileReference section */
		2A19FCCC243611A6007B00EA /* newsSwiftUI.app */ = {isa = PBXFileReference; explicitFileType = wrapper.application; includeInIndex = 0; path = newsSwiftUI.app; sourceTree = BUILT_PRODUCTS_DIR; };
		2A19FCCF243611A6007B00EA /* AppDelegate.swift */ = {isa = PBXFileReference; lastKnownFileType = sourcecode.swift; path = AppDelegate.swift; sourceTree = "<group>"; };
		2A19FCD1243611A6007B00EA /* SceneDelegate.swift */ = {isa = PBXFileReference; lastKnownFileType = sourcecode.swift; path = SceneDelegate.swift; sourceTree = "<group>"; };
		2A19FCD3243611A6007B00EA /* CategoriesUIView.swift */ = {isa = PBXFileReference; lastKnownFileType = sourcecode.swift; path = CategoriesUIView.swift; sourceTree = "<group>"; };
		2A19FCD5243611A8007B00EA /* Assets.xcassets */ = {isa = PBXFileReference; lastKnownFileType = folder.assetcatalog; path = Assets.xcassets; sourceTree = "<group>"; };
		2A19FCD8243611A8007B00EA /* Preview Assets.xcassets */ = {isa = PBXFileReference; lastKnownFileType = folder.assetcatalog; path = "Preview Assets.xcassets"; sourceTree = "<group>"; };
		2A19FCDB243611A8007B00EA /* Base */ = {isa = PBXFileReference; lastKnownFileType = file.storyboard; name = Base; path = Base.lproj/LaunchScreen.storyboard; sourceTree = "<group>"; };
		2A19FCDD243611A8007B00EA /* Info.plist */ = {isa = PBXFileReference; lastKnownFileType = text.plist.xml; path = Info.plist; sourceTree = "<group>"; };
		2A19FCE3243611F6007B00EA /* Categories.swift */ = {isa = PBXFileReference; lastKnownFileType = sourcecode.swift; path = Categories.swift; sourceTree = "<group>"; };
		2A19FCE62436123A007B00EA /* Article.swift */ = {isa = PBXFileReference; lastKnownFileType = sourcecode.swift; path = Article.swift; sourceTree = "<group>"; };
		2A19FCE824361254007B00EA /* ArticlesList.swift */ = {isa = PBXFileReference; lastKnownFileType = sourcecode.swift; path = ArticlesList.swift; sourceTree = "<group>"; };
		2A19FCEC243613E0007B00EA /* CategoryRowView.swift */ = {isa = PBXFileReference; lastKnownFileType = sourcecode.swift; path = CategoryRowView.swift; sourceTree = "<group>"; };
		2A19FCF524361821007B00EA /* Localizations.swift */ = {isa = PBXFileReference; fileEncoding = 4; lastKnownFileType = sourcecode.swift; path = Localizations.swift; sourceTree = "<group>"; };
		2A19FCF624361821007B00EA /* Localizable.strings */ = {isa = PBXFileReference; fileEncoding = 4; lastKnownFileType = text.plist.strings; path = Localizable.strings; sourceTree = "<group>"; };
		2A19FD0F2436194C007B00EA /* NetworkManager.swift */ = {isa = PBXFileReference; lastKnownFileType = sourcecode.swift; path = NetworkManager.swift; sourceTree = "<group>"; };
		2A19FD142436194C007B00EA /* NewsRequest.swift */ = {isa = PBXFileReference; lastKnownFileType = sourcecode.swift; path = NewsRequest.swift; sourceTree = "<group>"; };
		2A19FD152436194C007B00EA /* RequestBuilder.swift */ = {isa = PBXFileReference; lastKnownFileType = sourcecode.swift; path = RequestBuilder.swift; sourceTree = "<group>"; };
		2A19FD1624361AD7007B00EA /* ArticleRowView.swift */ = {isa = PBXFileReference; lastKnownFileType = sourcecode.swift; path = ArticleRowView.swift; sourceTree = "<group>"; };
		2A19FD1824362B76007B00EA /* ArticlesUIView.swift */ = {isa = PBXFileReference; lastKnownFileType = sourcecode.swift; path = ArticlesUIView.swift; sourceTree = "<group>"; };
		2A19FD1C24363F09007B00EA /* URLImage.swift */ = {isa = PBXFileReference; lastKnownFileType = sourcecode.swift; path = URLImage.swift; sourceTree = "<group>"; };
		2A19FD2024373E40007B00EA /* CategoriesViewModel.swift */ = {isa = PBXFileReference; lastKnownFileType = sourcecode.swift; path = CategoriesViewModel.swift; sourceTree = "<group>"; };
		2A19FD2424374107007B00EA /* ArticlesViewModel.swift */ = {isa = PBXFileReference; lastKnownFileType = sourcecode.swift; path = ArticlesViewModel.swift; sourceTree = "<group>"; };
		2A57A4A824378AD000F4EAD7 /* WebViewModel.swift */ = {isa = PBXFileReference; lastKnownFileType = sourcecode.swift; path = WebViewModel.swift; sourceTree = "<group>"; };
		2A57A4AA24378B0B00F4EAD7 /* WebUIView.swift */ = {isa = PBXFileReference; lastKnownFileType = sourcecode.swift; path = WebUIView.swift; sourceTree = "<group>"; };
/* End PBXFileReference section */

/* Begin PBXFrameworksBuildPhase section */
		2A19FCC9243611A6007B00EA /* Frameworks */ = {
			isa = PBXFrameworksBuildPhase;
			buildActionMask = 2147483647;
			files = (
			);
			runOnlyForDeploymentPostprocessing = 0;
		};
/* End PBXFrameworksBuildPhase section */

/* Begin PBXGroup section */
		2A19FCC3243611A6007B00EA = {
			isa = PBXGroup;
			children = (
				2A19FCCE243611A6007B00EA /* newsSwiftUI */,
				2A19FCCD243611A6007B00EA /* Products */,
			);
			sourceTree = "<group>";
		};
		2A19FCCD243611A6007B00EA /* Products */ = {
			isa = PBXGroup;
			children = (
				2A19FCCC243611A6007B00EA /* newsSwiftUI.app */,
			);
			name = Products;
			sourceTree = "<group>";
		};
		2A19FCCE243611A6007B00EA /* newsSwiftUI */ = {
			isa = PBXGroup;
			children = (
				2A19FD01243618ED007B00EA /* Services */,
				2A19FCF22436178E007B00EA /* UI */,
				2A19FCE524361220007B00EA /* Models */,
				2A19FCEA2436127E007B00EA /* Application */,
				2A19FCD7243611A8007B00EA /* Preview Content */,
			);
			path = newsSwiftUI;
			sourceTree = "<group>";
		};
		2A19FCD7243611A8007B00EA /* Preview Content */ = {
			isa = PBXGroup;
			children = (
				2A19FCD8243611A8007B00EA /* Preview Assets.xcassets */,
			);
			path = "Preview Content";
			sourceTree = "<group>";
		};
		2A19FCE524361220007B00EA /* Models */ = {
			isa = PBXGroup;
			children = (
				2A19FCE3243611F6007B00EA /* Categories.swift */,
				2A19FCE62436123A007B00EA /* Article.swift */,
				2A19FCE824361254007B00EA /* ArticlesList.swift */,
			);
			path = Models;
			sourceTree = "<group>";
		};
		2A19FCEA2436127E007B00EA /* Application */ = {
			isa = PBXGroup;
			children = (
				2A19FCF524361821007B00EA /* Localizations.swift */,
				2A19FCF624361821007B00EA /* Localizable.strings */,
				2A19FCCF243611A6007B00EA /* AppDelegate.swift */,
				2A19FCD1243611A6007B00EA /* SceneDelegate.swift */,
				2A19FCD5243611A8007B00EA /* Assets.xcassets */,
				2A19FCDA243611A8007B00EA /* LaunchScreen.storyboard */,
				2A19FCDD243611A8007B00EA /* Info.plist */,
			);
			path = Application;
			sourceTree = "<group>";
		};
		2A19FCF22436178E007B00EA /* UI */ = {
			isa = PBXGroup;
			children = (
				2A57A4A724378ABD00F4EAD7 /* Web */,
				2A19FD22243740D3007B00EA /* Categories */,
				2A19FD23243740E2007B00EA /* Articles */,
				2A19FD1C24363F09007B00EA /* URLImage.swift */,
			);
			path = UI;
			sourceTree = "<group>";
		};
		2A19FD01243618ED007B00EA /* Services */ = {
			isa = PBXGroup;
			children = (
				2A19FD0E2436194C007B00EA /* Network */,
			);
			path = Services;
			sourceTree = "<group>";
		};
		2A19FD0E2436194C007B00EA /* Network */ = {
			isa = PBXGroup;
			children = (
				2A19FD0F2436194C007B00EA /* NetworkManager.swift */,
				2A19FD142436194C007B00EA /* NewsRequest.swift */,
				2A19FD152436194C007B00EA /* RequestBuilder.swift */,
			);
			path = Network;
			sourceTree = "<group>";
		};
		2A19FD22243740D3007B00EA /* Categories */ = {
			isa = PBXGroup;
			children = (
				2A19FD2024373E40007B00EA /* CategoriesViewModel.swift */,
				2A19FCD3243611A6007B00EA /* CategoriesUIView.swift */,
				2A19FCEC243613E0007B00EA /* CategoryRowView.swift */,
			);
			path = Categories;
			sourceTree = "<group>";
		};
		2A19FD23243740E2007B00EA /* Articles */ = {
			isa = PBXGroup;
			children = (
				2A19FD1624361AD7007B00EA /* ArticleRowView.swift */,
				2A19FD1824362B76007B00EA /* ArticlesUIView.swift */,
				2A19FD2424374107007B00EA /* ArticlesViewModel.swift */,
			);
			path = Articles;
			sourceTree = "<group>";
		};
		2A57A4A724378ABD00F4EAD7 /* Web */ = {
			isa = PBXGroup;
			children = (
				2A57A4A824378AD000F4EAD7 /* WebViewModel.swift */,
				2A57A4AA24378B0B00F4EAD7 /* WebUIView.swift */,
			);
			path = Web;
			sourceTree = "<group>";
		};
/* End PBXGroup section */

/* Begin PBXNativeTarget section */
		2A19FCCB243611A6007B00EA /* newsSwiftUI */ = {
			isa = PBXNativeTarget;
			buildConfigurationList = 2A19FCE0243611A8007B00EA /* Build configuration list for PBXNativeTarget "newsSwiftUI" */;
			buildPhases = (
				2A19FCC8243611A6007B00EA /* Sources */,
				2A19FCC9243611A6007B00EA /* Frameworks */,
				2A19FCCA243611A6007B00EA /* Resources */,
			);
			buildRules = (
			);
			dependencies = (
			);
			name = newsSwiftUI;
			productName = newsSwiftUI;
			productReference = 2A19FCCC243611A6007B00EA /* newsSwiftUI.app */;
			productType = "com.apple.product-type.application";
		};
/* End PBXNativeTarget section */

/* Begin PBXProject section */
		2A19FCC4243611A6007B00EA /* Project object */ = {
			isa = PBXProject;
			attributes = {
				LastSwiftUpdateCheck = 1140;
				LastUpgradeCheck = 1140;
				ORGANIZATIONNAME = "Irina Revkina";
				TargetAttributes = {
					2A19FCCB243611A6007B00EA = {
						CreatedOnToolsVersion = 11.4;
					};
				};
			};
			buildConfigurationList = 2A19FCC7243611A6007B00EA /* Build configuration list for PBXProject "newsSwiftUI" */;
			compatibilityVersion = "Xcode 9.3";
			developmentRegion = en;
			hasScannedForEncodings = 0;
			knownRegions = (
				en,
				Base,
			);
			mainGroup = 2A19FCC3243611A6007B00EA;
			productRefGroup = 2A19FCCD243611A6007B00EA /* Products */;
			projectDirPath = "";
			projectRoot = "";
			targets = (
				2A19FCCB243611A6007B00EA /* newsSwiftUI */,
			);
		};
/* End PBXProject section */

/* Begin PBXResourcesBuildPhase section */
		2A19FCCA243611A6007B00EA /* Resources */ = {
			isa = PBXResourcesBuildPhase;
			buildActionMask = 2147483647;
			files = (
				2A19FCF824361821007B00EA /* Localizable.strings in Resources */,
				2A19FCDC243611A8007B00EA /* LaunchScreen.storyboard in Resources */,
				2A19FCD9243611A8007B00EA /* Preview Assets.xcassets in Resources */,
				2A19FCD6243611A8007B00EA /* Assets.xcassets in Resources */,
			);
			runOnlyForDeploymentPostprocessing = 0;
		};
/* End PBXResourcesBuildPhase section */

/* Begin PBXSourcesBuildPhase section */
		2A19FCC8243611A6007B00EA /* Sources */ = {
			isa = PBXSourcesBuildPhase;
			buildActionMask = 2147483647;
			files = (
				2A19FCD0243611A6007B00EA /* AppDelegate.swift in Sources */,
				2A57A4AB24378B0B00F4EAD7 /* WebUIView.swift in Sources */,
				2A19FD1724361AD7007B00EA /* ArticleRowView.swift in Sources */,
				2A19FCE4243611F6007B00EA /* Categories.swift in Sources */,
				2A19FD1D24363F09007B00EA /* URLImage.swift in Sources */,
				2A19FD2724374185007B00EA /* NetworkManager.swift in Sources */,
				2A19FD1924362B76007B00EA /* ArticlesUIView.swift in Sources */,
				2A19FCE924361254007B00EA /* ArticlesList.swift in Sources */,
				2A57A4A924378AD000F4EAD7 /* WebViewModel.swift in Sources */,
				2A19FCD2243611A6007B00EA /* SceneDelegate.swift in Sources */,
				2A19FCED243613E0007B00EA /* CategoryRowView.swift in Sources */,
				2A19FCD4243611A6007B00EA /* CategoriesUIView.swift in Sources */,
				2A19FD292437418D007B00EA /* NewsRequest.swift in Sources */,
				2A19FD2124373E40007B00EA /* CategoriesViewModel.swift in Sources */,
				2A19FCE72436123A007B00EA /* Article.swift in Sources */,
				2A19FCF724361821007B00EA /* Localizations.swift in Sources */,
				2A19FD2A24374190007B00EA /* RequestBuilder.swift in Sources */,
				2A19FD2524374107007B00EA /* ArticlesViewModel.swift in Sources */,
			);
			runOnlyForDeploymentPostprocessing = 0;
		};
/* End PBXSourcesBuildPhase section */

/* Begin PBXVariantGroup section */
		2A19FCDA243611A8007B00EA /* LaunchScreen.storyboard */ = {
			isa = PBXVariantGroup;
			children = (
				2A19FCDB243611A8007B00EA /* Base */,
			);
			name = LaunchScreen.storyboard;
			sourceTree = "<group>";
		};
/* End PBXVariantGroup section */

/* Begin XCBuildConfiguration section */
		2A19FCDE243611A8007B00EA /* Debug */ = {
			isa = XCBuildConfiguration;
			buildSettings = {
				ALWAYS_SEARCH_USER_PATHS = NO;
				CLANG_ANALYZER_NONNULL = YES;
				CLANG_ANALYZER_NUMBER_OBJECT_CONVERSION = YES_AGGRESSIVE;
				CLANG_CXX_LANGUAGE_STANDARD = "gnu++14";
				CLANG_CXX_LIBRARY = "libc++";
				CLANG_ENABLE_MODULES = YES;
				CLANG_ENABLE_OBJC_ARC = YES;
				CLANG_ENABLE_OBJC_WEAK = YES;
				CLANG_WARN_BLOCK_CAPTURE_AUTORELEASING = YES;
				CLANG_WARN_BOOL_CONVERSION = YES;
				CLANG_WARN_COMMA = YES;
				CLANG_WARN_CONSTANT_CONVERSION = YES;
				CLANG_WARN_DEPRECATED_OBJC_IMPLEMENTATIONS = YES;
				CLANG_WARN_DIRECT_OBJC_ISA_USAGE = YES_ERROR;
				CLANG_WARN_DOCUMENTATION_COMMENTS = YES;
				CLANG_WARN_EMPTY_BODY = YES;
				CLANG_WARN_ENUM_CONVERSION = YES;
				CLANG_WARN_INFINITE_RECURSION = YES;
				CLANG_WARN_INT_CONVERSION = YES;
				CLANG_WARN_NON_LITERAL_NULL_CONVERSION = YES;
				CLANG_WARN_OBJC_IMPLICIT_RETAIN_SELF = YES;
				CLANG_WARN_OBJC_LITERAL_CONVERSION = YES;
				CLANG_WARN_OBJC_ROOT_CLASS = YES_ERROR;
				CLANG_WARN_RANGE_LOOP_ANALYSIS = YES;
				CLANG_WARN_STRICT_PROTOTYPES = YES;
				CLANG_WARN_SUSPICIOUS_MOVE = YES;
				CLANG_WARN_UNGUARDED_AVAILABILITY = YES_AGGRESSIVE;
				CLANG_WARN_UNREACHABLE_CODE = YES;
				CLANG_WARN__DUPLICATE_METHOD_MATCH = YES;
				COPY_PHASE_STRIP = NO;
				DEBUG_INFORMATION_FORMAT = dwarf;
				ENABLE_STRICT_OBJC_MSGSEND = YES;
				ENABLE_TESTABILITY = YES;
				GCC_C_LANGUAGE_STANDARD = gnu11;
				GCC_DYNAMIC_NO_PIC = NO;
				GCC_NO_COMMON_BLOCKS = YES;
				GCC_OPTIMIZATION_LEVEL = 0;
				GCC_PREPROCESSOR_DEFINITIONS = (
					"DEBUG=1",
					"$(inherited)",
				);
				GCC_WARN_64_TO_32_BIT_CONVERSION = YES;
				GCC_WARN_ABOUT_RETURN_TYPE = YES_ERROR;
				GCC_WARN_UNDECLARED_SELECTOR = YES;
				GCC_WARN_UNINITIALIZED_AUTOS = YES_AGGRESSIVE;
				GCC_WARN_UNUSED_FUNCTION = YES;
				GCC_WARN_UNUSED_VARIABLE = YES;
				IPHONEOS_DEPLOYMENT_TARGET = 13.4;
				MTL_ENABLE_DEBUG_INFO = INCLUDE_SOURCE;
				MTL_FAST_MATH = YES;
				ONLY_ACTIVE_ARCH = YES;
				SDKROOT = iphoneos;
				SWIFT_ACTIVE_COMPILATION_CONDITIONS = DEBUG;
				SWIFT_OPTIMIZATION_LEVEL = "-Onone";
			};
			name = Debug;
		};
		2A19FCDF243611A8007B00EA /* Release */ = {
			isa = XCBuildConfiguration;
			buildSettings = {
				ALWAYS_SEARCH_USER_PATHS = NO;
				CLANG_ANALYZER_NONNULL = YES;
				CLANG_ANALYZER_NUMBER_OBJECT_CONVERSION = YES_AGGRESSIVE;
				CLANG_CXX_LANGUAGE_STANDARD = "gnu++14";
				CLANG_CXX_LIBRARY = "libc++";
				CLANG_ENABLE_MODULES = YES;
				CLANG_ENABLE_OBJC_ARC = YES;
				CLANG_ENABLE_OBJC_WEAK = YES;
				CLANG_WARN_BLOCK_CAPTURE_AUTORELEASING = YES;
				CLANG_WARN_BOOL_CONVERSION = YES;
				CLANG_WARN_COMMA = YES;
				CLANG_WARN_CONSTANT_CONVERSION = YES;
				CLANG_WARN_DEPRECATED_OBJC_IMPLEMENTATIONS = YES;
				CLANG_WARN_DIRECT_OBJC_ISA_USAGE = YES_ERROR;
				CLANG_WARN_DOCUMENTATION_COMMENTS = YES;
				CLANG_WARN_EMPTY_BODY = YES;
				CLANG_WARN_ENUM_CONVERSION = YES;
				CLANG_WARN_INFINITE_RECURSION = YES;
				CLANG_WARN_INT_CONVERSION = YES;
				CLANG_WARN_NON_LITERAL_NULL_CONVERSION = YES;
				CLANG_WARN_OBJC_IMPLICIT_RETAIN_SELF = YES;
				CLANG_WARN_OBJC_LITERAL_CONVERSION = YES;
				CLANG_WARN_OBJC_ROOT_CLASS = YES_ERROR;
				CLANG_WARN_RANGE_LOOP_ANALYSIS = YES;
				CLANG_WARN_STRICT_PROTOTYPES = YES;
				CLANG_WARN_SUSPICIOUS_MOVE = YES;
				CLANG_WARN_UNGUARDED_AVAILABILITY = YES_AGGRESSIVE;
				CLANG_WARN_UNREACHABLE_CODE = YES;
				CLANG_WARN__DUPLICATE_METHOD_MATCH = YES;
				COPY_PHASE_STRIP = NO;
				DEBUG_INFORMATION_FORMAT = "dwarf-with-dsym";
				ENABLE_NS_ASSERTIONS = NO;
				ENABLE_STRICT_OBJC_MSGSEND = YES;
				GCC_C_LANGUAGE_STANDARD = gnu11;
				GCC_NO_COMMON_BLOCKS = YES;
				GCC_WARN_64_TO_32_BIT_CONVERSION = YES;
				GCC_WARN_ABOUT_RETURN_TYPE = YES_ERROR;
				GCC_WARN_UNDECLARED_SELECTOR = YES;
				GCC_WARN_UNINITIALIZED_AUTOS = YES_AGGRESSIVE;
				GCC_WARN_UNUSED_FUNCTION = YES;
				GCC_WARN_UNUSED_VARIABLE = YES;
				IPHONEOS_DEPLOYMENT_TARGET = 13.4;
				MTL_ENABLE_DEBUG_INFO = NO;
				MTL_FAST_MATH = YES;
				SDKROOT = iphoneos;
				SWIFT_COMPILATION_MODE = wholemodule;
				SWIFT_OPTIMIZATION_LEVEL = "-O";
				VALIDATE_PRODUCT = YES;
			};
			name = Release;
		};
		2A19FCE1243611A8007B00EA /* Debug */ = {
			isa = XCBuildConfiguration;
			buildSettings = {
				ASSETCATALOG_COMPILER_APPICON_NAME = AppIcon;
				CODE_SIGN_STYLE = Automatic;
				DEVELOPMENT_ASSET_PATHS = "\"newsSwiftUI/Preview Content\"";
				ENABLE_PREVIEWS = YES;
				INFOPLIST_FILE = newsSwiftUI/Application/Info.plist;
				LD_RUNPATH_SEARCH_PATHS = (
					"$(inherited)",
					"@executable_path/Frameworks",
				);
				PRODUCT_BUNDLE_IDENTIFIER = arconsis.ira.newsSwiftUI;
				PRODUCT_NAME = "$(TARGET_NAME)";
				SWIFT_VERSION = 5.0;
				TARGETED_DEVICE_FAMILY = 1;
			};
			name = Debug;
		};
		2A19FCE2243611A8007B00EA /* Release */ = {
			isa = XCBuildConfiguration;
			buildSettings = {
				ASSETCATALOG_COMPILER_APPICON_NAME = AppIcon;
				CODE_SIGN_STYLE = Automatic;
				DEVELOPMENT_ASSET_PATHS = "\"newsSwiftUI/Preview Content\"";
				ENABLE_PREVIEWS = YES;
				INFOPLIST_FILE = newsSwiftUI/Application/Info.plist;
				LD_RUNPATH_SEARCH_PATHS = (
					"$(inherited)",
					"@executable_path/Frameworks",
				);
				PRODUCT_BUNDLE_IDENTIFIER = arconsis.ira.newsSwiftUI;
				PRODUCT_NAME = "$(TARGET_NAME)";
				SWIFT_VERSION = 5.0;
				TARGETED_DEVICE_FAMILY = 1;
			};
			name = Release;
		};
/* End XCBuildConfiguration section */

/* Begin XCConfigurationList section */
		2A19FCC7243611A6007B00EA /* Build configuration list for PBXProject "newsSwiftUI" */ = {
			isa = XCConfigurationList;
			buildConfigurations = (
				2A19FCDE243611A8007B00EA /* Debug */,
				2A19FCDF243611A8007B00EA /* Release */,
			);
			defaultConfigurationIsVisible = 0;
			defaultConfigurationName = Release;
		};
		2A19FCE0243611A8007B00EA /* Build configuration list for PBXNativeTarget "newsSwiftUI" */ = {
			isa = XCConfigurationList;
			buildConfigurations = (
				2A19FCE1243611A8007B00EA /* Debug */,
				2A19FCE2243611A8007B00EA /* Release */,
			);
			defaultConfigurationIsVisible = 0;
			defaultConfigurationName = Release;
		};
/* End XCConfigurationList section */
	};
	rootObject = 2A19FCC4243611A6007B00EA /* Project object */;
}
